
Microsoft Visual Studio Solution File, Format Version 12.00
# Visual Studio 15
VisualStudioVersion = 15.0.26730.12
MinimumVisualStudioVersion = 10.0.40219.1
Project("{FAE04EC0-301F-11D3-BF4B-00C04F79EFBC}") = "FizzBuzz", "FizzBuzz\FizzBuzz.csproj", "{6506A137-C4B0-4230-A6BF-401740F9B54A}"
EndProject
Global
	GlobalSection(SolutionConfigurationPlatforms) = preSolution
		Debug|Any CPU = Debug|Any CPU
		Release|Any CPU = Release|Any CPU
	EndGlobalSection
	GlobalSection(ProjectConfigurationPlatforms) = postSolution
		{6506A137-C4B0-4230-A6BF-401740F9B54A}.Debug|Any CPU.ActiveCfg = Debug|Any CPU
		{6506A137-C4B0-4230-A6BF-401740F9B54A}.Debug|Any CPU.Build.0 = Debug|Any CPU
		{6506A137-C4B0-4230-A6BF-401740F9B54A}.Release|Any CPU.ActiveCfg = Release|Any CPU
		{6506A137-C4B0-4230-A6BF-401740F9B54A}.Release|Any CPU.Build.0 = Release|Any CPU
	EndGlobalSection
	GlobalSection(SolutionProperties) = preSolution
		HideSolutionNode = FALSE
	EndGlobalSection
	GlobalSection(ExtensibilityGlobals) = postSolution
		SolutionGuid = {E2D496F6-1482-45E0-9FE0-5C236632D896}
	EndGlobalSection
EndGlobal
